
Microsoft Visual Studio Solution File, Format Version 12.00
# Visual Studio 15
VisualStudioVersion = 15.0.26730.16
MinimumVisualStudioVersion = 10.0.40219.1
Project("{9A19103F-16F7-4668-BE54-9A1E7A4F7556}") = "LunarParser", "LunarParser\LunarParser.csproj", "{33543F22-BCFC-47FB-ACCA-94AE63EDF785}"
EndProject
Project("{FAE04EC0-301F-11D3-BF4B-00C04F79EFBC}") = "Tests", "Tests\Tests.csproj", "{77249AA9-D572-457E-BA15-97A17ED39F81}"
EndProject
Global
	GlobalSection(SolutionConfigurationPlatforms) = preSolution
		Debug|Any CPU = Debug|Any CPU
		Release|Any CPU = Release|Any CPU
	EndGlobalSection
	GlobalSection(ProjectConfigurationPlatforms) = postSolution
		{33543F22-BCFC-47FB-ACCA-94AE63EDF785}.Debug|Any CPU.ActiveCfg = Debug|Any CPU
		{33543F22-BCFC-47FB-ACCA-94AE63EDF785}.Debug|Any CPU.Build.0 = Debug|Any CPU
		{33543F22-BCFC-47FB-ACCA-94AE63EDF785}.Release|Any CPU.ActiveCfg = Release|Any CPU
		{33543F22-BCFC-47FB-ACCA-94AE63EDF785}.Release|Any CPU.Build.0 = Release|Any CPU
		{77249AA9-D572-457E-BA15-97A17ED39F81}.Debug|Any CPU.ActiveCfg = Debug|Any CPU
		{77249AA9-D572-457E-BA15-97A17ED39F81}.Debug|Any CPU.Build.0 = Debug|Any CPU
		{77249AA9-D572-457E-BA15-97A17ED39F81}.Release|Any CPU.ActiveCfg = Release|Any CPU
		{77249AA9-D572-457E-BA15-97A17ED39F81}.Release|Any CPU.Build.0 = Release|Any CPU
	EndGlobalSection
	GlobalSection(SolutionProperties) = preSolution
		HideSolutionNode = FALSE
	EndGlobalSection
	GlobalSection(ExtensibilityGlobals) = postSolution
		SolutionGuid = {69175B18-0179-47CF-BB6A-1B4A96C38173}
	EndGlobalSection
EndGlobal
